
Microsoft Visual Studio Solution File, Format Version 12.00
# Visual Studio Version 17
VisualStudioVersion = 17.6.33815.320
MinimumVisualStudioVersion = 10.0.40219.1
Project("{8BC9CEB8-8B4A-11D0-8D11-00A0C91BC942}") = "LinearMap", "LinearMap\LinearMap.vcxproj", "{20F5D011-882A-485F-9C0E-B53A5D399A18}"
EndProject
Global
	GlobalSection(SolutionConfigurationPlatforms) = preSolution
		Debug|x64 = Debug|x64
		Debug|x86 = Debug|x86
		Release|x64 = Release|x64
		Release|x86 = Release|x86
	EndGlobalSection
	GlobalSection(ProjectConfigurationPlatforms) = postSolution
		{20F5D011-882A-485F-9C0E-B53A5D399A18}.Debug|x64.ActiveCfg = Debug|x64
		{20F5D011-882A-485F-9C0E-B53A5D399A18}.Debug|x64.Build.0 = Debug|x64
		{20F5D011-882A-485F-9C0E-B53A5D399A18}.Debug|x86.ActiveCfg = Debug|Win32
		{20F5D011-882A-485F-9C0E-B53A5D399A18}.Debug|x86.Build.0 = Debug|Win32
		{20F5D011-882A-485F-9C0E-B53A5D399A18}.Release|x64.ActiveCfg = Release|x64
		{20F5D011-882A-485F-9C0E-B53A5D399A18}.Release|x64.Build.0 = Release|x64
		{20F5D011-882A-485F-9C0E-B53A5D399A18}.Release|x86.ActiveCfg = Release|Win32
		{20F5D011-882A-485F-9C0E-B53A5D399A18}.Release|x86.Build.0 = Release|Win32
	EndGlobalSection
	GlobalSection(SolutionProperties) = preSolution
		HideSolutionNode = FALSE
	EndGlobalSection
	GlobalSection(ExtensibilityGlobals) = postSolution
		SolutionGuid = {27EC4B0C-C381-47E4-8710-B21B4CF554C4}
	EndGlobalSection
EndGlobal
